
Microsoft Visual Studio Solution File, Format Version 12.00
# Visual Studio Version 17
VisualStudioVersion = 17.12.35728.132
MinimumVisualStudioVersion = 10.0.40219.1
Project("{FAE04EC0-301F-11D3-BF4B-00C04F79EFBC}") = "ModelBinder.Core", "ModelBinder.Core\ModelBinder.Core.csproj", "{ECD44D8A-4A23-4FDE-B301-F5E3D8E3A89E}"
EndProject
Project("{FAE04EC0-301F-11D3-BF4B-00C04F79EFBC}") = "ModelBinder.Http", "ModelBinder.Http\ModelBinder.Http.csproj", "{4DA36358-500E-43B4-B46E-525DF573AE97}"
EndProject
Project("{FAE04EC0-301F-11D3-BF4B-00C04F79EFBC}") = "ModelBinder.Tests", "ModelBinder.Tests\ModelBinder.Tests.csproj", "{58C10C84-9440-4F22-9B6C-AEBCB7495310}"
EndProject
Global
	GlobalSection(SolutionConfigurationPlatforms) = preSolution
		Debug|Any CPU = Debug|Any CPU
		Release|Any CPU = Release|Any CPU
	EndGlobalSection
	GlobalSection(ProjectConfigurationPlatforms) = postSolution
		{ECD44D8A-4A23-4FDE-B301-F5E3D8E3A89E}.Debug|Any CPU.ActiveCfg = Debug|Any CPU
		{ECD44D8A-4A23-4FDE-B301-F5E3D8E3A89E}.Debug|Any CPU.Build.0 = Debug|Any CPU
		{ECD44D8A-4A23-4FDE-B301-F5E3D8E3A89E}.Release|Any CPU.ActiveCfg = Release|Any CPU
		{ECD44D8A-4A23-4FDE-B301-F5E3D8E3A89E}.Release|Any CPU.Build.0 = Release|Any CPU
		{4DA36358-500E-43B4-B46E-525DF573AE97}.Debug|Any CPU.ActiveCfg = Debug|Any CPU
		{4DA36358-500E-43B4-B46E-525DF573AE97}.Debug|Any CPU.Build.0 = Debug|Any CPU
		{4DA36358-500E-43B4-B46E-525DF573AE97}.Release|Any CPU.ActiveCfg = Release|Any CPU
		{4DA36358-500E-43B4-B46E-525DF573AE97}.Release|Any CPU.Build.0 = Release|Any CPU
		{58C10C84-9440-4F22-9B6C-AEBCB7495310}.Debug|Any CPU.ActiveCfg = Debug|Any CPU
		{58C10C84-9440-4F22-9B6C-AEBCB7495310}.Debug|Any CPU.Build.0 = Debug|Any CPU
		{58C10C84-9440-4F22-9B6C-AEBCB7495310}.Release|Any CPU.ActiveCfg = Release|Any CPU
		{58C10C84-9440-4F22-9B6C-AEBCB7495310}.Release|Any CPU.Build.0 = Release|Any CPU
	EndGlobalSection
	GlobalSection(SolutionProperties) = preSolution
		HideSolutionNode = FALSE
	EndGlobalSection
EndGlobal
